
Microsoft Visual Studio Solution File, Format Version 12.00
# Visual Studio Version 16
VisualStudioVersion = 16.0.30104.148
MinimumVisualStudioVersion = 10.0.40219.1
Project("{FAE04EC0-301F-11D3-BF4B-00C04F79EFBC}") = "Session2_TPRedo", "Session2_TPRedo.csproj", "{D8622FBA-A503-490A-BFC0-FCF1CA396B09}"
EndProject
Global
	GlobalSection(SolutionConfigurationPlatforms) = preSolution
		Debug|Any CPU = Debug|Any CPU
		Release|Any CPU = Release|Any CPU
	EndGlobalSection
	GlobalSection(ProjectConfigurationPlatforms) = postSolution
		{D8622FBA-A503-490A-BFC0-FCF1CA396B09}.Debug|Any CPU.ActiveCfg = Debug|Any CPU
		{D8622FBA-A503-490A-BFC0-FCF1CA396B09}.Debug|Any CPU.Build.0 = Debug|Any CPU
		{D8622FBA-A503-490A-BFC0-FCF1CA396B09}.Release|Any CPU.ActiveCfg = Release|Any CPU
		{D8622FBA-A503-490A-BFC0-FCF1CA396B09}.Release|Any CPU.Build.0 = Release|Any CPU
	EndGlobalSection
	GlobalSection(SolutionProperties) = preSolution
		HideSolutionNode = FALSE
	EndGlobalSection
	GlobalSection(ExtensibilityGlobals) = postSolution
		SolutionGuid = {AF001A2B-3EC9-4306-A11E-EE8CC4827A42}
	EndGlobalSection
EndGlobal
